
Microsoft Visual Studio Solution File, Format Version 12.00
# Visual Studio Version 17
VisualStudioVersion = 17.7.34024.191
MinimumVisualStudioVersion = 10.0.40219.1
Project("{FAE04EC0-301F-11D3-BF4B-00C04F79EFBC}") = "COIS 3020 - Assignment 2 Part A", "COIS 3020 - Assignment 2 Part A\COIS 3020 - Assignment 2 Part A.csproj", "{3F3A9C51-D9B4-4190-BC1D-DDFD7A706E6B}"
EndProject
Global
	GlobalSection(SolutionConfigurationPlatforms) = preSolution
		Debug|Any CPU = Debug|Any CPU
		Release|Any CPU = Release|Any CPU
	EndGlobalSection
	GlobalSection(ProjectConfigurationPlatforms) = postSolution
		{3F3A9C51-D9B4-4190-BC1D-DDFD7A706E6B}.Debug|Any CPU.ActiveCfg = Debug|Any CPU
		{3F3A9C51-D9B4-4190-BC1D-DDFD7A706E6B}.Debug|Any CPU.Build.0 = Debug|Any CPU
		{3F3A9C51-D9B4-4190-BC1D-DDFD7A706E6B}.Release|Any CPU.ActiveCfg = Release|Any CPU
		{3F3A9C51-D9B4-4190-BC1D-DDFD7A706E6B}.Release|Any CPU.Build.0 = Release|Any CPU
	EndGlobalSection
	GlobalSection(SolutionProperties) = preSolution
		HideSolutionNode = FALSE
	EndGlobalSection
	GlobalSection(ExtensibilityGlobals) = postSolution
		SolutionGuid = {3EA52D88-9586-4954-A022-5EE9F5033433}
	EndGlobalSection
EndGlobal
